// !$*UTF8*$!
{
	archiveVersion = 1;
	classes = {
	};
	objectVersion = 56;
	objects = {

/* Begin PBXBuildFile section */
		AA6F17972D64A22300DED347 /* LaunchScreen.storyboard in Resources */ = {isa = PBXBuildFile; fileRef = AA6F17962D64A22300DED347 /* LaunchScreen.storyboard */; };
		AA97B9242D5D1C890017C729 /* SecondView.swift in Sources */ = {isa = PBXBuildFile; fileRef = AA97B9232D5D1C890017C729 /* SecondView.swift */; };
		AAE102DB2D5BEBA00025A6C2 /* SplitUpAppApp.swift in Sources */ = {isa = PBXBuildFile; fileRef = AAE102DA2D5BEBA00025A6C2 /* SplitUpAppApp.swift */; };
		AAE102DD2D5BEBA00025A6C2 /* ContentView.swift in Sources */ = {isa = PBXBuildFile; fileRef = AAE102DC2D5BEBA00025A6C2 /* ContentView.swift */; };
		AAE102DF2D5BEBA10025A6C2 /* Assets.xcassets in Resources */ = {isa = PBXBuildFile; fileRef = AAE102DE2D5BEBA10025A6C2 /* Assets.xcassets */; };
		AAE102E22D5BEBA10025A6C2 /* Preview Assets.xcassets in Resources */ = {isa = PBXBuildFile; fileRef = AAE102E12D5BEBA10025A6C2 /* Preview Assets.xcassets */; };
		AAE102EC2D5BEBA10025A6C2 /* SplitUpAppTests.swift in Sources */ = {isa = PBXBuildFile; fileRef = AAE102EB2D5BEBA10025A6C2 /* SplitUpAppTests.swift */; };
		AAE102F62D5BEBA10025A6C2 /* SplitUpAppUITests.swift in Sources */ = {isa = PBXBuildFile; fileRef = AAE102F52D5BEBA10025A6C2 /* SplitUpAppUITests.swift */; };
		AAE102F82D5BEBA10025A6C2 /* SplitUpAppUITestsLaunchTests.swift in Sources */ = {isa = PBXBuildFile; fileRef = AAE102F72D5BEBA10025A6C2 /* SplitUpAppUITestsLaunchTests.swift */; };
/* End PBXBuildFile section */

/* Begin PBXContainerItemProxy section */
		AAE102E82D5BEBA10025A6C2 /* PBXContainerItemProxy */ = {
			isa = PBXContainerItemProxy;
			containerPortal = AAE102CF2D5BEBA00025A6C2 /* Project object */;
			proxyType = 1;
			remoteGlobalIDString = AAE102D62D5BEBA00025A6C2;
			remoteInfo = SplitUpApp;
		};
		AAE102F22D5BEBA10025A6C2 /* PBXContainerItemProxy */ = {
			isa = PBXContainerItemProxy;
			containerPortal = AAE102CF2D5BEBA00025A6C2 /* Project object */;
			proxyType = 1;
			remoteGlobalIDString = AAE102D62D5BEBA00025A6C2;
			remoteInfo = SplitUpApp;
		};
/* End PBXContainerItemProxy section */

/* Begin PBXFileReference section */
		AA6F17962D64A22300DED347 /* LaunchScreen.storyboard */ = {isa = PBXFileReference; lastKnownFileType = file.storyboard; path = LaunchScreen.storyboard; sourceTree = "<group>"; };
		AA97B9232D5D1C890017C729 /* SecondView.swift */ = {isa = PBXFileReference; lastKnownFileType = sourcecode.swift; path = SecondView.swift; sourceTree = "<group>"; };
		AAE102D72D5BEBA00025A6C2 /* SplitUpApp.app */ = {isa = PBXFileReference; explicitFileType = wrapper.application; includeInIndex = 0; path = SplitUpApp.app; sourceTree = BUILT_PRODUCTS_DIR; };
		AAE102DA2D5BEBA00025A6C2 /* SplitUpAppApp.swift */ = {isa = PBXFileReference; lastKnownFileType = sourcecode.swift; path = SplitUpAppApp.swift; sourceTree = "<group>"; };
		AAE102DC2D5BEBA00025A6C2 /* ContentView.swift */ = {isa = PBXFileReference; lastKnownFileType = sourcecode.swift; path = ContentView.swift; sourceTree = "<group>"; };
		AAE102DE2D5BEBA10025A6C2 /* Assets.xcassets */ = {isa = PBXFileReference; lastKnownFileType = folder.assetcatalog; path = Assets.xcassets; sourceTree = "<group>"; };
		AAE102E12D5BEBA10025A6C2 /* Preview Assets.xcassets */ = {isa = PBXFileReference; lastKnownFileType = folder.assetcatalog; path = "Preview Assets.xcassets"; sourceTree = "<group>"; };
		AAE102E72D5BEBA10025A6C2 /* SplitUpAppTests.xctest */ = {isa = PBXFileReference; explicitFileType = wrapper.cfbundle; includeInIndex = 0; path = SplitUpAppTests.xctest; sourceTree = BUILT_PRODUCTS_DIR; };
		AAE102EB2D5BEBA10025A6C2 /* SplitUpAppTests.swift */ = {isa = PBXFileReference; lastKnownFileType = sourcecode.swift; path = SplitUpAppTests.swift; sourceTree = "<group>"; };
		AAE102F12D5BEBA10025A6C2 /* SplitUpAppUITests.xctest */ = {isa = PBXFileReference; explicitFileType = wrapper.cfbundle; includeInIndex = 0; path = SplitUpAppUITests.xctest; sourceTree = BUILT_PRODUCTS_DIR; };
		AAE102F52D5BEBA10025A6C2 /* SplitUpAppUITests.swift */ = {isa = PBXFileReference; lastKnownFileType = sourcecode.swift; path = SplitUpAppUITests.swift; sourceTree = "<group>"; };
		AAE102F72D5BEBA10025A6C2 /* SplitUpAppUITestsLaunchTests.swift */ = {isa = PBXFileReference; lastKnownFileType = sourcecode.swift; path = SplitUpAppUITestsLaunchTests.swift; sourceTree = "<group>"; };
/* End PBXFileReference section */

/* Begin PBXFrameworksBuildPhase section */
		AAE102D42D5BEBA00025A6C2 /* Frameworks */ = {
			isa = PBXFrameworksBuildPhase;
			buildActionMask = 2147483647;
			files = (
			);
			runOnlyForDeploymentPostprocessing = 0;
		};
		AAE102E42D5BEBA10025A6C2 /* Frameworks */ = {
			isa = PBXFrameworksBuildPhase;
			buildActionMask = 2147483647;
			files = (
			);
			runOnlyForDeploymentPostprocessing = 0;
		};
		AAE102EE2D5BEBA10025A6C2 /* Frameworks */ = {
			isa = PBXFrameworksBuildPhase;
			buildActionMask = 2147483647;
			files = (
			);
			runOnlyForDeploymentPostprocessing = 0;
		};
/* End PBXFrameworksBuildPhase section */

/* Begin PBXGroup section */
		AAE102CE2D5BEBA00025A6C2 = {
			isa = PBXGroup;
			children = (
				AAE102D92D5BEBA00025A6C2 /* SplitUpApp */,
				AAE102EA2D5BEBA10025A6C2 /* SplitUpAppTests */,
				AAE102F42D5BEBA10025A6C2 /* SplitUpAppUITests */,
				AAE102D82D5BEBA00025A6C2 /* Products */,
			);
			sourceTree = "<group>";
		};
		AAE102D82D5BEBA00025A6C2 /* Products */ = {
			isa = PBXGroup;
			children = (
				AAE102D72D5BEBA00025A6C2 /* SplitUpApp.app */,
				AAE102E72D5BEBA10025A6C2 /* SplitUpAppTests.xctest */,
				AAE102F12D5BEBA10025A6C2 /* SplitUpAppUITests.xctest */,
			);
			name = Products;
			sourceTree = "<group>";
		};
		AAE102D92D5BEBA00025A6C2 /* SplitUpApp */ = {
			isa = PBXGroup;
			children = (
				AAE102DA2D5BEBA00025A6C2 /* SplitUpAppApp.swift */,
				AAE102DC2D5BEBA00025A6C2 /* ContentView.swift */,
				AA97B9232D5D1C890017C729 /* SecondView.swift */,
				AAE102DE2D5BEBA10025A6C2 /* Assets.xcassets */,
				AAE102E02D5BEBA10025A6C2 /* Preview Content */,
				AA6F17962D64A22300DED347 /* LaunchScreen.storyboard */,
			);
			path = SplitUpApp;
			sourceTree = "<group>";
		};
		AAE102E02D5BEBA10025A6C2 /* Preview Content */ = {
			isa = PBXGroup;
			children = (
				AAE102E12D5BEBA10025A6C2 /* Preview Assets.xcassets */,
			);
			path = "Preview Content";
			sourceTree = "<group>";
		};
		AAE102EA2D5BEBA10025A6C2 /* SplitUpAppTests */ = {
			isa = PBXGroup;
			children = (
				AAE102EB2D5BEBA10025A6C2 /* SplitUpAppTests.swift */,
			);
			path = SplitUpAppTests;
			sourceTree = "<group>";
		};
		AAE102F42D5BEBA10025A6C2 /* SplitUpAppUITests */ = {
			isa = PBXGroup;
			children = (
				AAE102F52D5BEBA10025A6C2 /* SplitUpAppUITests.swift */,
				AAE102F72D5BEBA10025A6C2 /* SplitUpAppUITestsLaunchTests.swift */,
			);
			path = SplitUpAppUITests;
			sourceTree = "<group>";
		};
/* End PBXGroup section */

/* Begin PBXNativeTarget section */
		AAE102D62D5BEBA00025A6C2 /* SplitUpApp */ = {
			isa = PBXNativeTarget;
			buildConfigurationList = AAE102FB2D5BEBA10025A6C2 /* Build configuration list for PBXNativeTarget "SplitUpApp" */;
			buildPhases = (
				AAE102D32D5BEBA00025A6C2 /* Sources */,
				AAE102D42D5BEBA00025A6C2 /* Frameworks */,
				AAE102D52D5BEBA00025A6C2 /* Resources */,
			);
			buildRules = (
			);
			dependencies = (
			);
			name = SplitUpApp;
			productName = SplitUpApp;
			productReference = AAE102D72D5BEBA00025A6C2 /* SplitUpApp.app */;
			productType = "com.apple.product-type.application";
		};
		AAE102E62D5BEBA10025A6C2 /* SplitUpAppTests */ = {
			isa = PBXNativeTarget;
			buildConfigurationList = AAE102FE2D5BEBA10025A6C2 /* Build configuration list for PBXNativeTarget "SplitUpAppTests" */;
			buildPhases = (
				AAE102E32D5BEBA10025A6C2 /* Sources */,
				AAE102E42D5BEBA10025A6C2 /* Frameworks */,
				AAE102E52D5BEBA10025A6C2 /* Resources */,
			);
			buildRules = (
			);
			dependencies = (
				AAE102E92D5BEBA10025A6C2 /* PBXTargetDependency */,
			);
			name = SplitUpAppTests;
			productName = SplitUpAppTests;
			productReference = AAE102E72D5BEBA10025A6C2 /* SplitUpAppTests.xctest */;
			productType = "com.apple.product-type.bundle.unit-test";
		};
		AAE102F02D5BEBA10025A6C2 /* SplitUpAppUITests */ = {
			isa = PBXNativeTarget;
			buildConfigurationList = AAE103012D5BEBA10025A6C2 /* Build configuration list for PBXNativeTarget "SplitUpAppUITests" */;
			buildPhases = (
				AAE102ED2D5BEBA10025A6C2 /* Sources */,
				AAE102EE2D5BEBA10025A6C2 /* Frameworks */,
				AAE102EF2D5BEBA10025A6C2 /* Resources */,
			);
			buildRules = (
			);
			dependencies = (
				AAE102F32D5BEBA10025A6C2 /* PBXTargetDependency */,
			);
			name = SplitUpAppUITests;
			productName = SplitUpAppUITests;
			productReference = AAE102F12D5BEBA10025A6C2 /* SplitUpAppUITests.xctest */;
			productType = "com.apple.product-type.bundle.ui-testing";
		};
/* End PBXNativeTarget section */

/* Begin PBXProject section */
		AAE102CF2D5BEBA00025A6C2 /* Project object */ = {
			isa = PBXProject;
			attributes = {
				BuildIndependentTargetsInParallel = 1;
				LastSwiftUpdateCheck = 1420;
				LastUpgradeCheck = 1420;
				TargetAttributes = {
					AAE102D62D5BEBA00025A6C2 = {
						CreatedOnToolsVersion = 14.2;
					};
					AAE102E62D5BEBA10025A6C2 = {
						CreatedOnToolsVersion = 14.2;
						TestTargetID = AAE102D62D5BEBA00025A6C2;
					};
					AAE102F02D5BEBA10025A6C2 = {
						CreatedOnToolsVersion = 14.2;
						TestTargetID = AAE102D62D5BEBA00025A6C2;
					};
				};
			};
			buildConfigurationList = AAE102D22D5BEBA00025A6C2 /* Build configuration list for PBXProject "SplitUpApp" */;
			compatibilityVersion = "Xcode 14.0";
			developmentRegion = en;
			hasScannedForEncodings = 0;
			knownRegions = (
				en,
				Base,
			);
			mainGroup = AAE102CE2D5BEBA00025A6C2;
			productRefGroup = AAE102D82D5BEBA00025A6C2 /* Products */;
			projectDirPath = "";
			projectRoot = "";
			targets = (
				AAE102D62D5BEBA00025A6C2 /* SplitUpApp */,
				AAE102E62D5BEBA10025A6C2 /* SplitUpAppTests */,
				AAE102F02D5BEBA10025A6C2 /* SplitUpAppUITests */,
			);
		};
/* End PBXProject section */

/* Begin PBXResourcesBuildPhase section */
		AAE102D52D5BEBA00025A6C2 /* Resources */ = {
			isa = PBXResourcesBuildPhase;
			buildActionMask = 2147483647;
			files = (
				AA6F17972D64A22300DED347 /* LaunchScreen.storyboard in Resources */,
				AAE102E22D5BEBA10025A6C2 /* Preview Assets.xcassets in Resources */,
				AAE102DF2D5BEBA10025A6C2 /* Assets.xcassets in Resources */,
			);
			runOnlyForDeploymentPostprocessing = 0;
		};
		AAE102E52D5BEBA10025A6C2 /* Resources */ = {
			isa = PBXResourcesBuildPhase;
			buildActionMask = 2147483647;
			files = (
			);
			runOnlyForDeploymentPostprocessing = 0;
		};
		AAE102EF2D5BEBA10025A6C2 /* Resources */ = {
			isa = PBXResourcesBuildPhase;
			buildActionMask = 2147483647;
			files = (
			);
			runOnlyForDeploymentPostprocessing = 0;
		};
/* End PBXResourcesBuildPhase section */

/* Begin PBXSourcesBuildPhase section */
		AAE102D32D5BEBA00025A6C2 /* Sources */ = {
			isa = PBXSourcesBuildPhase;
			buildActionMask = 2147483647;
			files = (
				AA97B9242D5D1C890017C729 /* SecondView.swift in Sources */,
				AAE102DD2D5BEBA00025A6C2 /* ContentView.swift in Sources */,
				AAE102DB2D5BEBA00025A6C2 /* SplitUpAppApp.swift in Sources */,
			);
			runOnlyForDeploymentPostprocessing = 0;
		};
		AAE102E32D5BEBA10025A6C2 /* Sources */ = {
			isa = PBXSourcesBuildPhase;
			buildActionMask = 2147483647;
			files = (
				AAE102EC2D5BEBA10025A6C2 /* SplitUpAppTests.swift in Sources */,
			);
			runOnlyForDeploymentPostprocessing = 0;
		};
		AAE102ED2D5BEBA10025A6C2 /* Sources */ = {
			isa = PBXSourcesBuildPhase;
			buildActionMask = 2147483647;
			files = (
				AAE102F82D5BEBA10025A6C2 /* SplitUpAppUITestsLaunchTests.swift in Sources */,
				AAE102F62D5BEBA10025A6C2 /* SplitUpAppUITests.swift in Sources */,
			);
			runOnlyForDeploymentPostprocessing = 0;
		};
/* End PBXSourcesBuildPhase section */

/* Begin PBXTargetDependency section */
		AAE102E92D5BEBA10025A6C2 /* PBXTargetDependency */ = {
			isa = PBXTargetDependency;
			target = AAE102D62D5BEBA00025A6C2 /* SplitUpApp */;
			targetProxy = AAE102E82D5BEBA10025A6C2 /* PBXContainerItemProxy */;
		};
		AAE102F32D5BEBA10025A6C2 /* PBXTargetDependency */ = {
			isa = PBXTargetDependency;
			target = AAE102D62D5BEBA00025A6C2 /* SplitUpApp */;
			targetProxy = AAE102F22D5BEBA10025A6C2 /* PBXContainerItemProxy */;
		};
/* End PBXTargetDependency section */

/* Begin XCBuildConfiguration section */
		AAE102F92D5BEBA10025A6C2 /* Debug */ = {
			isa = XCBuildConfiguration;
			buildSettings = {
				ALWAYS_SEARCH_USER_PATHS = NO;
				CLANG_ANALYZER_NONNULL = YES;
				CLANG_ANALYZER_NUMBER_OBJECT_CONVERSION = YES_AGGRESSIVE;
				CLANG_CXX_LANGUAGE_STANDARD = "gnu++20";
				CLANG_ENABLE_MODULES = YES;
				CLANG_ENABLE_OBJC_ARC = YES;
				CLANG_ENABLE_OBJC_WEAK = YES;
				CLANG_WARN_BLOCK_CAPTURE_AUTORELEASING = YES;
				CLANG_WARN_BOOL_CONVERSION = YES;
				CLANG_WARN_COMMA = YES;
				CLANG_WARN_CONSTANT_CONVERSION = YES;
				CLANG_WARN_DEPRECATED_OBJC_IMPLEMENTATIONS = YES;
				CLANG_WARN_DIRECT_OBJC_ISA_USAGE = YES_ERROR;
				CLANG_WARN_DOCUMENTATION_COMMENTS = YES;
				CLANG_WARN_EMPTY_BODY = YES;
				CLANG_WARN_ENUM_CONVERSION = YES;
				CLANG_WARN_INFINITE_RECURSION = YES;
				CLANG_WARN_INT_CONVERSION = YES;
				CLANG_WARN_NON_LITERAL_NULL_CONVERSION = YES;
				CLANG_WARN_OBJC_IMPLICIT_RETAIN_SELF = YES;
				CLANG_WARN_OBJC_LITERAL_CONVERSION = YES;
				CLANG_WARN_OBJC_ROOT_CLASS = YES_ERROR;
				CLANG_WARN_QUOTED_INCLUDE_IN_FRAMEWORK_HEADER = YES;
				CLANG_WARN_RANGE_LOOP_ANALYSIS = YES;
				CLANG_WARN_STRICT_PROTOTYPES = YES;
				CLANG_WARN_SUSPICIOUS_MOVE = YES;
				CLANG_WARN_UNGUARDED_AVAILABILITY = YES_AGGRESSIVE;
				CLANG_WARN_UNREACHABLE_CODE = YES;
				CLANG_WARN__DUPLICATE_METHOD_MATCH = YES;
				COPY_PHASE_STRIP = NO;
				DEBUG_INFORMATION_FORMAT = dwarf;
				ENABLE_STRICT_OBJC_MSGSEND = YES;
				ENABLE_TESTABILITY = YES;
				GCC_C_LANGUAGE_STANDARD = gnu11;
				GCC_DYNAMIC_NO_PIC = NO;
				GCC_NO_COMMON_BLOCKS = YES;
				GCC_OPTIMIZATION_LEVEL = 0;
				GCC_PREPROCESSOR_DEFINITIONS = (
					"DEBUG=1",
					"$(inherited)",
				);
				GCC_WARN_64_TO_32_BIT_CONVERSION = YES;
				GCC_WARN_ABOUT_RETURN_TYPE = YES_ERROR;
				GCC_WARN_UNDECLARED_SELECTOR = YES;
				GCC_WARN_UNINITIALIZED_AUTOS = YES_AGGRESSIVE;
				GCC_WARN_UNUSED_FUNCTION = YES;
				GCC_WARN_UNUSED_VARIABLE = YES;
				IPHONEOS_DEPLOYMENT_TARGET = 16.2;
				MTL_ENABLE_DEBUG_INFO = INCLUDE_SOURCE;
				MTL_FAST_MATH = YES;
				ONLY_ACTIVE_ARCH = YES;
				SDKROOT = iphoneos;
				SWIFT_ACTIVE_COMPILATION_CONDITIONS = DEBUG;
				SWIFT_OPTIMIZATION_LEVEL = "-Onone";
			};
			name = Debug;
		};
		AAE102FA2D5BEBA10025A6C2 /* Release */ = {
			isa = XCBuildConfiguration;
			buildSettings = {
				ALWAYS_SEARCH_USER_PATHS = NO;
				CLANG_ANALYZER_NONNULL = YES;
				CLANG_ANALYZER_NUMBER_OBJECT_CONVERSION = YES_AGGRESSIVE;
				CLANG_CXX_LANGUAGE_STANDARD = "gnu++20";
				CLANG_ENABLE_MODULES = YES;
				CLANG_ENABLE_OBJC_ARC = YES;
				CLANG_ENABLE_OBJC_WEAK = YES;
				CLANG_WARN_BLOCK_CAPTURE_AUTORELEASING = YES;
				CLANG_WARN_BOOL_CONVERSION = YES;
				CLANG_WARN_COMMA = YES;
				CLANG_WARN_CONSTANT_CONVERSION = YES;
				CLANG_WARN_DEPRECATED_OBJC_IMPLEMENTATIONS = YES;
				CLANG_WARN_DIRECT_OBJC_ISA_USAGE = YES_ERROR;
				CLANG_WARN_DOCUMENTATION_COMMENTS = YES;
				CLANG_WARN_EMPTY_BODY = YES;
				CLANG_WARN_ENUM_CONVERSION = YES;
				CLANG_WARN_INFINITE_RECURSION = YES;
				CLANG_WARN_INT_CONVERSION = YES;
				CLANG_WARN_NON_LITERAL_NULL_CONVERSION = YES;
				CLANG_WARN_OBJC_IMPLICIT_RETAIN_SELF = YES;
				CLANG_WARN_OBJC_LITERAL_CONVERSION = YES;
				CLANG_WARN_OBJC_ROOT_CLASS = YES_ERROR;
				CLANG_WARN_QUOTED_INCLUDE_IN_FRAMEWORK_HEADER = YES;
				CLANG_WARN_RANGE_LOOP_ANALYSIS = YES;
				CLANG_WARN_STRICT_PROTOTYPES = YES;
				CLANG_WARN_SUSPICIOUS_MOVE = YES;
				CLANG_WARN_UNGUARDED_AVAILABILITY = YES_AGGRESSIVE;
				CLANG_WARN_UNREACHABLE_CODE = YES;
				CLANG_WARN__DUPLICATE_METHOD_MATCH = YES;
				COPY_PHASE_STRIP = NO;
				DEBUG_INFORMATION_FORMAT = "dwarf-with-dsym";
				ENABLE_NS_ASSERTIONS = NO;
				ENABLE_STRICT_OBJC_MSGSEND = YES;
				GCC_C_LANGUAGE_STANDARD = gnu11;
				GCC_NO_COMMON_BLOCKS = YES;
				GCC_WARN_64_TO_32_BIT_CONVERSION = YES;
				GCC_WARN_ABOUT_RETURN_TYPE = YES_ERROR;
				GCC_WARN_UNDECLARED_SELECTOR = YES;
				GCC_WARN_UNINITIALIZED_AUTOS = YES_AGGRESSIVE;
				GCC_WARN_UNUSED_FUNCTION = YES;
				GCC_WARN_UNUSED_VARIABLE = YES;
				IPHONEOS_DEPLOYMENT_TARGET = 16.2;
				MTL_ENABLE_DEBUG_INFO = NO;
				MTL_FAST_MATH = YES;
				SDKROOT = iphoneos;
				SWIFT_COMPILATION_MODE = wholemodule;
				SWIFT_OPTIMIZATION_LEVEL = "-O";
				VALIDATE_PRODUCT = YES;
			};
			name = Release;
		};
		AAE102FC2D5BEBA10025A6C2 /* Debug */ = {
			isa = XCBuildConfiguration;
			buildSettings = {
				ASSETCATALOG_COMPILER_APPICON_NAME = AppIcon;
				ASSETCATALOG_COMPILER_GLOBAL_ACCENT_COLOR_NAME = AccentColor;
				CODE_SIGN_STYLE = Automatic;
				CURRENT_PROJECT_VERSION = 1;
				DEVELOPMENT_ASSET_PATHS = "\"SplitUpApp/Preview Content\"";
				DEVELOPMENT_TEAM = 9L29AG9R55;
				ENABLE_PREVIEWS = YES;
				GENERATE_INFOPLIST_FILE = YES;
				INFOPLIST_KEY_UIApplicationSceneManifest_Generation = YES;
				INFOPLIST_KEY_UIApplicationSupportsIndirectInputEvents = YES;
				INFOPLIST_KEY_UILaunchScreen_Generation = YES;
				INFOPLIST_KEY_UILaunchStoryboardName = LaunchScreen.storyboard;
				INFOPLIST_KEY_UISupportedInterfaceOrientations_iPad = "UIInterfaceOrientationPortrait UIInterfaceOrientationPortraitUpsideDown UIInterfaceOrientationLandscapeLeft UIInterfaceOrientationLandscapeRight";
				INFOPLIST_KEY_UISupportedInterfaceOrientations_iPhone = "UIInterfaceOrientationPortrait UIInterfaceOrientationLandscapeLeft UIInterfaceOrientationLandscapeRight";
				IPHONEOS_DEPLOYMENT_TARGET = 16.2;
				LD_RUNPATH_SEARCH_PATHS = (
					"$(inherited)",
					"@executable_path/Frameworks",
				);
				MARKETING_VERSION = 1.0;
				PRODUCT_BUNDLE_IDENTIFIER = com.MichaelKorotkey.SplitUpApp;
				PRODUCT_NAME = "$(TARGET_NAME)";
				SWIFT_EMIT_LOC_STRINGS = YES;
				SWIFT_VERSION = 5.0;
				TARGETED_DEVICE_FAMILY = "1,2";
			};
			name = Debug;
		};
		AAE102FD2D5BEBA10025A6C2 /* Release */ = {
			isa = XCBuildConfiguration;
			buildSettings = {
				ASSETCATALOG_COMPILER_APPICON_NAME = AppIcon;
				ASSETCATALOG_COMPILER_GLOBAL_ACCENT_COLOR_NAME = AccentColor;
				CODE_SIGN_STYLE = Automatic;
				CURRENT_PROJECT_VERSION = 1;
				DEVELOPMENT_ASSET_PATHS = "\"SplitUpApp/Preview Content\"";
				DEVELOPMENT_TEAM = 9L29AG9R55;
				ENABLE_PREVIEWS = YES;
				GENERATE_INFOPLIST_FILE = YES;
				INFOPLIST_KEY_UIApplicationSceneManifest_Generation = YES;
				INFOPLIST_KEY_UIApplicationSupportsIndirectInputEvents = YES;
				INFOPLIST_KEY_UILaunchScreen_Generation = YES;
				INFOPLIST_KEY_UILaunchStoryboardName = LaunchScreen.storyboard;
				INFOPLIST_KEY_UISupportedInterfaceOrientations_iPad = "UIInterfaceOrientationPortrait UIInterfaceOrientationPortraitUpsideDown UIInterfaceOrientationLandscapeLeft UIInterfaceOrientationLandscapeRight";
				INFOPLIST_KEY_UISupportedInterfaceOrientations_iPhone = "UIInterfaceOrientationPortrait UIInterfaceOrientationLandscapeLeft UIInterfaceOrientationLandscapeRight";
				IPHONEOS_DEPLOYMENT_TARGET = 16.2;
				LD_RUNPATH_SEARCH_PATHS = (
					"$(inherited)",
					"@executable_path/Frameworks",
				);
				MARKETING_VERSION = 1.0;
				PRODUCT_BUNDLE_IDENTIFIER = com.MichaelKorotkey.SplitUpApp;
				PRODUCT_NAME = "$(TARGET_NAME)";
				SWIFT_EMIT_LOC_STRINGS = YES;
				SWIFT_VERSION = 5.0;
				TARGETED_DEVICE_FAMILY = "1,2";
			};
			name = Release;
		};
		AAE102FF2D5BEBA10025A6C2 /* Debug */ = {
			isa = XCBuildConfiguration;
			buildSettings = {
				ALWAYS_EMBED_SWIFT_STANDARD_LIBRARIES = YES;
				BUNDLE_LOADER = "$(TEST_HOST)";
				CODE_SIGN_STYLE = Automatic;
				CURRENT_PROJECT_VERSION = 1;
				DEVELOPMENT_TEAM = 9L29AG9R55;
				GENERATE_INFOPLIST_FILE = YES;
				IPHONEOS_DEPLOYMENT_TARGET = 16.2;
				MARKETING_VERSION = 1.0;
				PRODUCT_BUNDLE_IDENTIFIER = com.SplitUpAppTests;
				PRODUCT_NAME = "$(TARGET_NAME)";
				SWIFT_EMIT_LOC_STRINGS = NO;
				SWIFT_VERSION = 5.0;
				TARGETED_DEVICE_FAMILY = "1,2";
				TEST_HOST = "$(BUILT_PRODUCTS_DIR)/SplitUpApp.app/$(BUNDLE_EXECUTABLE_FOLDER_PATH)/SplitUpApp";
			};
			name = Debug;
		};
		AAE103002D5BEBA10025A6C2 /* Release */ = {
			isa = XCBuildConfiguration;
			buildSettings = {
				ALWAYS_EMBED_SWIFT_STANDARD_LIBRARIES = YES;
				BUNDLE_LOADER = "$(TEST_HOST)";
				CODE_SIGN_STYLE = Automatic;
				CURRENT_PROJECT_VERSION = 1;
				DEVELOPMENT_TEAM = 9L29AG9R55;
				GENERATE_INFOPLIST_FILE = YES;
				IPHONEOS_DEPLOYMENT_TARGET = 16.2;
				MARKETING_VERSION = 1.0;
				PRODUCT_BUNDLE_IDENTIFIER = com.SplitUpAppTests;
				PRODUCT_NAME = "$(TARGET_NAME)";
				SWIFT_EMIT_LOC_STRINGS = NO;
				SWIFT_VERSION = 5.0;
				TARGETED_DEVICE_FAMILY = "1,2";
				TEST_HOST = "$(BUILT_PRODUCTS_DIR)/SplitUpApp.app/$(BUNDLE_EXECUTABLE_FOLDER_PATH)/SplitUpApp";
			};
			name = Release;
		};
		AAE103022D5BEBA10025A6C2 /* Debug */ = {
			isa = XCBuildConfiguration;
			buildSettings = {
				ALWAYS_EMBED_SWIFT_STANDARD_LIBRARIES = YES;
				CODE_SIGN_STYLE = Automatic;
				CURRENT_PROJECT_VERSION = 1;
				DEVELOPMENT_TEAM = 9L29AG9R55;
				GENERATE_INFOPLIST_FILE = YES;
				MARKETING_VERSION = 1.0;
				PRODUCT_BUNDLE_IDENTIFIER = com.SplitUpAppUITests;
				PRODUCT_NAME = "$(TARGET_NAME)";
				SWIFT_EMIT_LOC_STRINGS = NO;
				SWIFT_VERSION = 5.0;
				TARGETED_DEVICE_FAMILY = "1,2";
				TEST_TARGET_NAME = SplitUpApp;
			};
			name = Debug;
		};
		AAE103032D5BEBA10025A6C2 /* Release */ = {
			isa = XCBuildConfiguration;
			buildSettings = {
				ALWAYS_EMBED_SWIFT_STANDARD_LIBRARIES = YES;
				CODE_SIGN_STYLE = Automatic;
				CURRENT_PROJECT_VERSION = 1;
				DEVELOPMENT_TEAM = 9L29AG9R55;
				GENERATE_INFOPLIST_FILE = YES;
				MARKETING_VERSION = 1.0;
				PRODUCT_BUNDLE_IDENTIFIER = com.SplitUpAppUITests;
				PRODUCT_NAME = "$(TARGET_NAME)";
				SWIFT_EMIT_LOC_STRINGS = NO;
				SWIFT_VERSION = 5.0;
				TARGETED_DEVICE_FAMILY = "1,2";
				TEST_TARGET_NAME = SplitUpApp;
			};
			name = Release;
		};
/* End XCBuildConfiguration section */

/* Begin XCConfigurationList section */
		AAE102D22D5BEBA00025A6C2 /* Build configuration list for PBXProject "SplitUpApp" */ = {
			isa = XCConfigurationList;
			buildConfigurations = (
				AAE102F92D5BEBA10025A6C2 /* Debug */,
				AAE102FA2D5BEBA10025A6C2 /* Release */,
			);
			defaultConfigurationIsVisible = 0;
			defaultConfigurationName = Release;
		};
		AAE102FB2D5BEBA10025A6C2 /* Build configuration list for PBXNativeTarget "SplitUpApp" */ = {
			isa = XCConfigurationList;
			buildConfigurations = (
				AAE102FC2D5BEBA10025A6C2 /* Debug */,
				AAE102FD2D5BEBA10025A6C2 /* Release */,
			);
			defaultConfigurationIsVisible = 0;
			defaultConfigurationName = Release;
		};
		AAE102FE2D5BEBA10025A6C2 /* Build configuration list for PBXNativeTarget "SplitUpAppTests" */ = {
			isa = XCConfigurationList;
			buildConfigurations = (
				AAE102FF2D5BEBA10025A6C2 /* Debug */,
				AAE103002D5BEBA10025A6C2 /* Release */,
			);
			defaultConfigurationIsVisible = 0;
			defaultConfigurationName = Release;
		};
		AAE103012D5BEBA10025A6C2 /* Build configuration list for PBXNativeTarget "SplitUpAppUITests" */ = {
			isa = XCConfigurationList;
			buildConfigurations = (
				AAE103022D5BEBA10025A6C2 /* Debug */,
				AAE103032D5BEBA10025A6C2 /* Release */,
			);
			defaultConfigurationIsVisible = 0;
			defaultConfigurationName = Release;
		};
/* End XCConfigurationList section */
	};
	rootObject = AAE102CF2D5BEBA00025A6C2 /* Project object */;
}
